
Microsoft Visual Studio Solution File, Format Version 12.00
# Visual Studio Version 17
VisualStudioVersion = 17.9.34616.47
MinimumVisualStudioVersion = 10.0.40219.1
Project("{9A19103F-16F7-4668-BE54-9A1E7A4F7556}") = "NetCore8CRUD", "NetCore8CRUD.csproj", "{FEBC9B8F-FE68-4B82-B362-91CC11DB3435}"
EndProject
Global
	GlobalSection(SolutionConfigurationPlatforms) = preSolution
		Debug|Any CPU = Debug|Any CPU
		Release|Any CPU = Release|Any CPU
	EndGlobalSection
	GlobalSection(ProjectConfigurationPlatforms) = postSolution
		{FEBC9B8F-FE68-4B82-B362-91CC11DB3435}.Debug|Any CPU.ActiveCfg = Debug|Any CPU
		{FEBC9B8F-FE68-4B82-B362-91CC11DB3435}.Debug|Any CPU.Build.0 = Debug|Any CPU
		{FEBC9B8F-FE68-4B82-B362-91CC11DB3435}.Release|Any CPU.ActiveCfg = Release|Any CPU
		{FEBC9B8F-FE68-4B82-B362-91CC11DB3435}.Release|Any CPU.Build.0 = Release|Any CPU
	EndGlobalSection
	GlobalSection(SolutionProperties) = preSolution
		HideSolutionNode = FALSE
	EndGlobalSection
	GlobalSection(ExtensibilityGlobals) = postSolution
		SolutionGuid = {582557BB-A823-4ACE-81E0-C7EA7B088EF0}
	EndGlobalSection
EndGlobal
